
Microsoft Visual Studio Solution File, Format Version 12.00
# Visual Studio 15
VisualStudioVersion = 15.0.28307.1259
MinimumVisualStudioVersion = 10.0.40219.1
Project("{E24C65DC-7377-472B-9ABA-BC803B73C61A}") = "EDSY", ".", "{90F563D6-3035-4AE9-8036-4C912AC87257}"
	ProjectSection(WebsiteProperties) = preProject
		TargetFrameworkMoniker = ".NETFramework,Version%3Dv4.0"
		Debug.AspNetCompiler.VirtualPath = "/localhost_54632"
		Debug.AspNetCompiler.PhysicalPath = "..\..\..\..\..\..\Code\edcd\EDSY\"
		Debug.AspNetCompiler.TargetPath = "PrecompiledWeb\localhost_54632\"
		Debug.AspNetCompiler.Updateable = "true"
		Debug.AspNetCompiler.ForceOverwrite = "true"
		Debug.AspNetCompiler.FixedNames = "false"
		Debug.AspNetCompiler.Debug = "True"
		Release.AspNetCompiler.VirtualPath = "/localhost_54632"
		Release.AspNetCompiler.PhysicalPath = "..\..\..\..\..\..\Code\edcd\EDSY\"
		Release.AspNetCompiler.TargetPath = "PrecompiledWeb\localhost_54632\"
		Release.AspNetCompiler.Updateable = "true"
		Release.AspNetCompiler.ForceOverwrite = "true"
		Release.AspNetCompiler.FixedNames = "false"
		Release.AspNetCompiler.Debug = "False"
		VWDPort = "54632"
	EndProjectSection
EndProject
Global
	GlobalSection(SolutionConfigurationPlatforms) = preSolution
		Debug|Any CPU = Debug|Any CPU
	EndGlobalSection
	GlobalSection(ProjectConfigurationPlatforms) = postSolution
		{90F563D6-3035-4AE9-8036-4C912AC87257}.Debug|Any CPU.ActiveCfg = Debug|Any CPU
		{90F563D6-3035-4AE9-8036-4C912AC87257}.Debug|Any CPU.Build.0 = Debug|Any CPU
	EndGlobalSection
	GlobalSection(SolutionProperties) = preSolution
		HideSolutionNode = FALSE
	EndGlobalSection
	GlobalSection(ExtensibilityGlobals) = postSolution
		SolutionGuid = {530B7B1F-9760-4AE5-A7D1-3F4F4236C70E}
	EndGlobalSection
EndGlobal
